
Microsoft Visual Studio Solution File, Format Version 12.00
# Visual Studio 15
VisualStudioVersion = 15.0.28010.0
MinimumVisualStudioVersion = 10.0.40219.1
Project("{888888A0-9F3D-457C-B088-3A5042F75D52}") = "MetaDataApi", "MetaDataApi.pyproj", "{01C33078-70CD-4BDF-9F59-D1B9F5128CCE}"
EndProject
Global
	GlobalSection(SolutionConfigurationPlatforms) = preSolution
		Debug|Any CPU = Debug|Any CPU
		Release|Any CPU = Release|Any CPU
	EndGlobalSection
	GlobalSection(ProjectConfigurationPlatforms) = postSolution
		{01C33078-70CD-4BDF-9F59-D1B9F5128CCE}.Debug|Any CPU.ActiveCfg = Debug|Any CPU
		{01C33078-70CD-4BDF-9F59-D1B9F5128CCE}.Debug|Any CPU.Build.0 = Debug|Any CPU
		{01C33078-70CD-4BDF-9F59-D1B9F5128CCE}.Release|Any CPU.ActiveCfg = Release|Any CPU
		{01C33078-70CD-4BDF-9F59-D1B9F5128CCE}.Release|Any CPU.Build.0 = Release|Any CPU
	EndGlobalSection
	GlobalSection(SolutionProperties) = preSolution
		HideSolutionNode = FALSE
	EndGlobalSection
	GlobalSection(ExtensibilityGlobals) = postSolution
		SolutionGuid = {B50A440C-1731-4EED-BD0D-7B8E8C59A644}
	EndGlobalSection
EndGlobal
